{
  "version": 4,
  "terraform_version": "1.9.8",
  "serial": 4432,
  "lineage": "b58ae846-b4cf-4ba0-1029-d60766e88c2f",
  "outputs": {},
  "resources": [
    {
      "module": "module.arm-japan",
      "mode": "managed",
      "type": "aws_autoscaling_group",
      "name": "app1_asg",
      "provider": "module.arm-japan.provider[\"registry.terraform.io/hashicorp/aws\"]",
      "instances": [
        {
          "schema_version": 0,
          "attributes": {
            "arn": "arn:aws:autoscaling:ap-northeast-1:905418060082:autoScalingGroup:f894d88c-05b8-46a9-863b-c257aaeb4670:autoScalingGroupName/app1-auto-scaling-group-20241204002646963300000003",
            "availability_zones": [
              "ap-northeast-1a",
              "ap-northeast-1c"
            ],
            "capacity_rebalance": false,
            "default_cooldown": 300,
            "desired_capacity": 3,
            "enabled_metrics": [
              "GroupDesiredCapacity",
              "GroupInServiceInstances",
              "GroupMaxSize",
              "GroupMinSize",
              "GroupTotalInstances"
            ],
            "force_delete": true,
            "force_delete_warm_pool": false,
            "health_check_grace_period": 300,
            "health_check_type": "ELB",
            "id": "app1-auto-scaling-group-20241204002646963300000003",
            "initial_lifecycle_hook": [
              {
                "default_result": "CONTINUE",
                "heartbeat_timeout": 300,
                "lifecycle_transition": "autoscaling:EC2_INSTANCE_TERMINATING",
                "name": "scale-in-protection",
                "notification_metadata": "",
                "notification_target_arn": "",
                "role_arn": ""
              },
              {
                "default_result": "CONTINUE",
                "heartbeat_timeout": 60,
                "lifecycle_transition": "autoscaling:EC2_INSTANCE_LAUNCHING",
                "name": "instance-protection-launch",
                "notification_metadata": "{\"key\":\"value\"}",
                "notification_target_arn": "",
                "role_arn": ""
              }
            ],
            "instance_refresh": [],
            "launch_configuration": "",
            "launch_template": [
              {
                "id": "lt-0022077ed085ac776",
                "name": "app1_LT20241204002345598100000001",
                "version": "$Latest"
              }
            ],
            "load_balancers": [],
            "max_instance_lifetime": 0,
            "max_size": 4,
            "metrics_granularity": "1Minute",
            "min_elb_capacity": null,
            "min_size": 2,
            "mixed_instances_policy": [],
            "name": "app1-auto-scaling-group-20241204002646963300000003",
            "name_prefix": "app1-auto-scaling-group-",
            "placement_group": "",
            "protect_from_scale_in": false,
            "service_linked_role_arn": "arn:aws:iam::905418060082:role/aws-service-role/autoscaling.amazonaws.com/AWSServiceRoleForAutoScaling",
            "suspended_processes": [],
            "tag": [
              {
                "key": "Environment",
                "propagate_at_launch": true,
                "value": "Production"
              },
              {
                "key": "Name",
                "propagate_at_launch": true,
                "value": "app1-instance"
              }
            ],
            "tags": null,
            "target_group_arns": [
              "arn:aws:elasticloadbalancing:ap-northeast-1:905418060082:targetgroup/app1-target-group/3e196d9ebb2af708"
            ],
            "termination_policies": [],
            "timeouts": null,
            "vpc_zone_identifier": [
              "subnet-038d255910aa15569",
              "subnet-0ccc3cd7ed4bf041c",
              "subnet-0e29fe207479ffbbb"
            ],
            "wait_for_capacity_timeout": "10m",
            "wait_for_elb_capacity": null,
            "warm_pool": []
          },
          "sensitive_attributes": [],
          "private": "eyJlMmJmYjczMC1lY2FhLTExZTYtOGY4OC0zNDM2M2JjN2M0YzAiOnsiZGVsZXRlIjo2MDAwMDAwMDAwMDB9fQ==",
          "dependencies": [
            "module.arm-japan.aws_launch_template.app1_LT",
            "module.arm-japan.aws_lb_target_group.app1_tgjpn",
            "module.arm-japan.aws_security_group.app1-tg01-sg01",
            "module.arm-japan.aws_subnet.private-ap-northeast-1a",
            "module.arm-japan.aws_subnet.private-ap-northeast-1c",
            "module.arm-japan.aws_subnet.private-ap-northeast-1d",
            "module.arm-japan.aws_vpc.app1"
          ]
        }
      ]
    },
    {
      "module": "module.arm-japan",
      "mode": "managed",
      "type": "aws_launch_template",
      "name": "app1_LT",
      "provider": "module.arm-japan.provider[\"registry.terraform.io/hashicorp/aws\"]",
      "instances": [
        {
          "schema_version": 0,
          "attributes": {
            "arn": "arn:aws:ec2:ap-northeast-1:905418060082:launch-template/lt-0022077ed085ac776",
            "block_device_mappings": [],
            "capacity_reservation_specification": [],
            "cpu_options": [],
            "credit_specification": [],
            "default_version": 1,
            "description": "",
            "disable_api_termination": false,
            "ebs_optimized": "",
            "elastic_gpu_specifications": [],
            "elastic_inference_accelerator": [],
            "enclave_options": [],
            "hibernation_options": [],
            "iam_instance_profile": [],
            "id": "lt-0022077ed085ac776",
            "image_id": "ami-023ff3d4ab11b2525",
            "instance_initiated_shutdown_behavior": "",
            "instance_market_options": [],
            "instance_type": "t2.micro",
            "kernel_id": "",
            "key_name": "Tokyo-ECS-PROD-LT01-key",
            "latest_version": 1,
            "license_specification": [],
            "metadata_options": [],
            "monitoring": [],
            "name": "app1_LT20241204002345598100000001",
            "name_prefix": "app1_LT",
            "network_interfaces": [],
            "placement": [],
            "ram_disk_id": "",
            "security_group_names": [],
            "tag_specifications": [
              {
                "resource_type": "instance",
                "tags": {
                  "Name": "app1_LT",
                  "Owner": "Chewbacca",
                  "Planet": "Mustafar",
                  "Service": "application1"
                }
              }
            ],
            "tags": {},
            "tags_all": {},
            "update_default_version": null,
            "user_data": "IyEvYmluL2Jhc2gNCnl1bSB1cGRhdGUgLXkNCnl1bSBpbnN0YWxsIC15IGh0dHBkDQpzeXN0ZW1jdGwgc3RhcnQgaHR0cGQNCnN5c3RlbWN0bCBlbmFibGUgaHR0cGQNCg0KIyBHZXQgdGhlIElNRFN2MiB0b2tlbg0KVE9LRU49JChjdXJsIC1YIFBVVCAiaHR0cDovLzE2OS4yNTQuMTY5LjI1NC9sYXRlc3QvYXBpL3Rva2VuIiAtSCAiWC1hd3MtZWMyLW1ldGFkYXRhLXRva2VuLXR0bC1zZWNvbmRzOiAyMTYwMCIpDQoNCiMgQmFja2dyb3VuZCB0aGUgY3VybCByZXF1ZXN0cw0KY3VybCAtSCAiWC1hd3MtZWMyLW1ldGFkYXRhLXRva2VuOiAkVE9LRU4iIC1zIGh0dHA6Ly8xNjkuMjU0LjE2OS4yNTQvbGF0ZXN0L21ldGEtZGF0YS9sb2NhbC1pcHY0ICY+IC90bXAvbG9jYWxfaXB2NCAmDQpjdXJsIC1IICJYLWF3cy1lYzItbWV0YWRhdGEtdG9rZW46ICRUT0tFTiIgLXMgaHR0cDovLzE2OS4yNTQuMTY5LjI1NC9sYXRlc3QvbWV0YS1kYXRhL3BsYWNlbWVudC9hdmFpbGFiaWxpdHktem9uZSAmPiAvdG1wL2F6ICYNCmN1cmwgLUggIlgtYXdzLWVjMi1tZXRhZGF0YS10b2tlbjogJFRPS0VOIiAtcyBodHRwOi8vMTY5LjI1NC4xNjkuMjU0L2xhdGVzdC9tZXRhLWRhdGEvbmV0d29yay9pbnRlcmZhY2VzL21hY3MvICY+IC90bXAvbWFjaWQgJg0Kd2FpdA0KDQptYWNpZD0kKGNhdCAvdG1wL21hY2lkKQ0KbG9jYWxfaXB2ND0kKGNhdCAvdG1wL2xvY2FsX2lwdjQpDQphej0kKGNhdCAvdG1wL2F6KQ0KdnBjPSQoY3VybCAtSCAiWC1hd3MtZWMyLW1ldGFkYXRhLXRva2VuOiAkVE9LRU4iIC1zIGh0dHA6Ly8xNjkuMjU0LjE2OS4yNTQvbGF0ZXN0L21ldGEtZGF0YS9uZXR3b3JrL2ludGVyZmFjZXMvbWFjcy8kbWFjaWQvdnBjLWlkKQ0KDQojIENyZWF0ZSBIVE1MIGZpbGUNCmNhdCA8PC1IVE1MID4gL3Zhci93d3cvaHRtbC9pbmRleC5odG1sDQo8IWRvY3R5cGUgaHRtbD4NCjxodG1sIGxhbmc9ImVuIiBjbGFzcz0iaC0xMDAiPg0KPGhlYWQ+DQo8dGl0bGU+RGV0YWlscyBmb3IgRUMyIGluc3RhbmNlPC90aXRsZT4NCjwvaGVhZD4NCjxib2R5Pg0KPGRpdj4NCjxoMT5Ub28gRWFzeTwvaDE+DQo8aDE+TGl2ZSBGcm9tIEphcGFuPC9oMT4NCjxwPjxiPkluc3RhbmNlIE5hbWU6PC9iPiAkKGhvc3RuYW1lIC1mKSA8L3A+DQo8cD48Yj5JbnN0YW5jZSBQcml2YXRlIElwIEFkZHJlc3M6IDwvYj4gJGxvY2FsX2lwdjQ8L3A+DQo8cD48Yj5BdmFpbGFiaWxpdHkgWm9uZTogPC9iPiAkYXo8L3A+DQo8cD48Yj5WaXJ0dWFsIFByaXZhdGUgQ2xvdWQgKFZQQyk6PC9iPiAkdnBjPC9wPg0KPC9kaXY+DQo8L2JvZHk+DQo8YSBocmVmPSIvZ2lmL3dpbGxpYW0tZ2F5LWdldHMtcGljay1zaXgtZGFuY2VzLWluLWNlbGVicmF0aW9uLXN0ZWVsZXJzLXZzLWJlbmdhbHMtbmZsLUJJUHNtbyIgdGl0bGU9IldpbGxpYW0gR2F5IEdldHMgUGljayBTaXggJiBEYW5jZXMgaW4gQ2VsZWJyYXRpb24gfCBTdGVlbGVycyB2cy4gQmVuZ2FscyB8IE5GTCI+PGltZyBzcmM9Imh0dHBzOi8vaS5tYWtlYWdpZi5jb20vbWVkaWEvMTItMTYtMjAxNS9CSVBzbW8uZ2lmIiBhbHQ9IldpbGxpYW0gR2F5IEdldHMgUGljayBTaXggJiBEYW5jZXMgaW4gQ2VsZWJyYXRpb24gfCBTdGVlbGVycyB2cy4gQmVuZ2FscyB8IE5GTCI+PC9hPjxkaXYgc3R5bGU9ImZvbnQtc2l6ZToxMXB4OyI+bWFrZSA8YSBocmVmPSIvIiB0aXRsZT0ibWFrZSBhIGdpZiI+ZnVubnkgR0lGczwvYT4gbGlrZSB0aGlzIGF0IE1ha2VhR2lmPC9kaXY+DQo8aWZyYW1lIHNyYz0iaHR0cHM6Ly9naXBoeS5jb20vZW1iZWQvQXQ4ajhLNXpNZkVnbyIgd2lkdGg9IjQ4MCIgaGVpZ2h0PSIzNjAiIHN0eWxlPSIiIGZyYW1lQm9yZGVyPSIwIiBjbGFzcz0iZ2lwaHktZW1iZWQiIGFsbG93RnVsbFNjcmVlbj48L2lmcmFtZT48cD48YSBocmVmPSJodHRwczovL2dpcGh5LmNvbS9naWZzL2Jhc2tldGJhbGwtd2hpdGUtbWVuLWNhbnQtanVtcC10b28tZWFzeS1BdDhqOEs1ek1mRWdvIj52aWEgR0lQSFk8L2E+PC9wPg0KPC9odG1sPg0KSFRNTA0KDQojIENsZWFuIHVwIHRoZSB0ZW1wIGZpbGVzDQpybSAtZiAvdG1wL2xvY2FsX2lwdjQgL3RtcC9heiAvdG1wL21hY2lkDQo=",
            "vpc_security_group_ids": [
              "sg-069db0d4dc099def0"
            ]
          },
          "sensitive_attributes": [],
          "private": "bnVsbA==",
          "dependencies": [
            "module.arm-japan.aws_security_group.app1-tg01-sg01",
            "module.arm-japan.aws_vpc.app1"
          ],
          "create_before_destroy": true
        }
      ]
    },
    {
      "module": "module.arm-japan",
      "mode": "managed",
      "type": "aws_lb_target_group",
      "name": "app1_tgjpn",
      "provider": "module.arm-japan.provider[\"registry.terraform.io/hashicorp/aws\"]",
      "instances": [
        {
          "schema_version": 0,
          "attributes": {
            "arn": "arn:aws:elasticloadbalancing:ap-northeast-1:905418060082:targetgroup/app1-target-group/3e196d9ebb2af708",
            "arn_suffix": "targetgroup/app1-target-group/3e196d9ebb2af708",
            "connection_termination": false,
            "deregistration_delay": "300",
            "health_check": [
              {
                "enabled": true,
                "healthy_threshold": 5,
                "interval": 30,
                "matcher": "200",
                "path": "/",
                "port": "traffic-port",
                "protocol": "HTTP",
                "timeout": 5,
                "unhealthy_threshold": 2
              }
            ],
            "id": "arn:aws:elasticloadbalancing:ap-northeast-1:905418060082:targetgroup/app1-target-group/3e196d9ebb2af708",
            "lambda_multi_value_headers_enabled": false,
            "load_balancing_algorithm_type": "round_robin",
            "name": "app1-target-group",
            "name_prefix": null,
            "port": 80,
            "preserve_client_ip": null,
            "protocol": "HTTP",
            "protocol_version": "HTTP1",
            "proxy_protocol_v2": false,
            "slow_start": 0,
            "stickiness": [
              {
                "cookie_duration": 86400,
                "cookie_name": "",
                "enabled": false,
                "type": "lb_cookie"
              }
            ],
            "tags": {
              "Name": "App1TargetGroup",
              "Owner": "User",
              "Project": "Web Service",
              "Service": "App1"
            },
            "tags_all": {
              "Name": "App1TargetGroup",
              "Owner": "User",
              "Project": "Web Service",
              "Service": "App1"
            },
            "target_type": "instance",
            "vpc_id": "vpc-04ce8cfdf0685440e"
          },
          "sensitive_attributes": [],
          "private": "bnVsbA==",
          "dependencies": [
            "module.arm-japan.aws_vpc.app1"
          ]
        }
      ]
    },
    {
      "module": "module.arm-japan",
      "mode": "managed",
      "type": "aws_security_group",
      "name": "app1-tg01-sg01",
      "provider": "module.arm-japan.provider[\"registry.terraform.io/hashicorp/aws\"]",
      "instances": [
        {
          "schema_version": 1,
          "attributes": {
            "arn": "arn:aws:ec2:ap-northeast-1:905418060082:security-group/sg-069db0d4dc099def0",
            "description": "app1-tg01-sg01",
            "egress": [
              {
                "cidr_blocks": [
                  "0.0.0.0/0"
                ],
                "description": "",
                "from_port": 0,
                "ipv6_cidr_blocks": [],
                "prefix_list_ids": [],
                "protocol": "-1",
                "security_groups": [],
                "self": false,
                "to_port": 0
              }
            ],
            "id": "sg-069db0d4dc099def0",
            "ingress": [
              {
                "cidr_blocks": [
                  "0.0.0.0/0"
                ],
                "description": "SSH",
                "from_port": 22,
                "ipv6_cidr_blocks": [],
                "prefix_list_ids": [],
                "protocol": "tcp",
                "security_groups": [],
                "self": false,
                "to_port": 22
              },
              {
                "cidr_blocks": [
                  "0.0.0.0/0"
                ],
                "description": "http",
                "from_port": 80,
                "ipv6_cidr_blocks": [],
                "prefix_list_ids": [],
                "protocol": "tcp",
                "security_groups": [],
                "self": false,
                "to_port": 80
              },
              {
                "cidr_blocks": [
                  "0.0.0.0/0"
                ],
                "description": "icmp",
                "from_port": 8,
                "ipv6_cidr_blocks": [],
                "prefix_list_ids": [],
                "protocol": "icmp",
                "security_groups": [],
                "self": false,
                "to_port": 0
              }
            ],
            "name": "app1-tg01-sg01",
            "name_prefix": "",
            "owner_id": "905418060082",
            "revoke_rules_on_delete": false,
            "tags": {
              "Name": "app1-sg01-servers",
              "Owner": "Luke",
              "Planet": "Musafar",
              "Service": "application1"
            },
            "tags_all": {
              "Name": "app1-sg01-servers",
              "Owner": "Luke",
              "Planet": "Musafar",
              "Service": "application1"
            },
            "timeouts": null,
            "vpc_id": "vpc-04ce8cfdf0685440e"
          },
          "sensitive_attributes": [],
          "private": "eyJlMmJmYjczMC1lY2FhLTExZTYtOGY4OC0zNDM2M2JjN2M0YzAiOnsiY3JlYXRlIjo2MDAwMDAwMDAwMDAsImRlbGV0ZSI6OTAwMDAwMDAwMDAwfSwic2NoZW1hX3ZlcnNpb24iOiIxIn0=",
          "dependencies": [
            "module.arm-japan.aws_vpc.app1"
          ],
          "create_before_destroy": true
        }
      ]
    },
    {
      "module": "module.arm-japan",
      "mode": "managed",
      "type": "aws_subnet",
      "name": "private-ap-northeast-1a",
      "provider": "module.arm-japan.provider[\"registry.terraform.io/hashicorp/aws\"]",
      "instances": [
        {
          "schema_version": 1,
          "attributes": {
            "arn": "arn:aws:ec2:ap-northeast-1:905418060082:subnet/subnet-038d255910aa15569",
            "assign_ipv6_address_on_creation": false,
            "availability_zone": "ap-northeast-1a",
            "availability_zone_id": "apne1-az4",
            "cidr_block": "10.130.11.0/24",
            "customer_owned_ipv4_pool": "",
            "enable_dns64": false,
            "enable_resource_name_dns_a_record_on_launch": false,
            "enable_resource_name_dns_aaaa_record_on_launch": false,
            "id": "subnet-038d255910aa15569",
            "ipv6_cidr_block": "",
            "ipv6_cidr_block_association_id": "",
            "ipv6_native": false,
            "map_customer_owned_ip_on_launch": false,
            "map_public_ip_on_launch": false,
            "outpost_arn": "",
            "owner_id": "905418060082",
            "private_dns_hostname_type_on_launch": "ip-name",
            "tags": {
              "Name": "private-ap-northeast-1a",
              "Owner": "Luke",
              "Planet": "Musafar",
              "Service": "application1"
            },
            "tags_all": {
              "Name": "private-ap-northeast-1a",
              "Owner": "Luke",
              "Planet": "Musafar",
              "Service": "application1"
            },
            "timeouts": null,
            "vpc_id": "vpc-04ce8cfdf0685440e"
          },
          "sensitive_attributes": [],
          "private": "eyJlMmJmYjczMC1lY2FhLTExZTYtOGY4OC0zNDM2M2JjN2M0YzAiOnsiY3JlYXRlIjo2MDAwMDAwMDAwMDAsImRlbGV0ZSI6MTIwMDAwMDAwMDAwMH0sInNjaGVtYV92ZXJzaW9uIjoiMSJ9",
          "dependencies": [
            "module.arm-japan.aws_vpc.app1"
          ]
        }
      ]
    },
    {
      "module": "module.arm-japan",
      "mode": "managed",
      "type": "aws_subnet",
      "name": "private-ap-northeast-1c",
      "provider": "module.arm-japan.provider[\"registry.terraform.io/hashicorp/aws\"]",
      "instances": [
        {
          "schema_version": 1,
          "attributes": {
            "arn": "arn:aws:ec2:ap-northeast-1:905418060082:subnet/subnet-0ccc3cd7ed4bf041c",
            "assign_ipv6_address_on_creation": false,
            "availability_zone": "ap-northeast-1c",
            "availability_zone_id": "apne1-az1",
            "cidr_block": "10.130.13.0/24",
            "customer_owned_ipv4_pool": "",
            "enable_dns64": false,
            "enable_resource_name_dns_a_record_on_launch": false,
            "enable_resource_name_dns_aaaa_record_on_launch": false,
            "id": "subnet-0ccc3cd7ed4bf041c",
            "ipv6_cidr_block": "",
            "ipv6_cidr_block_association_id": "",
            "ipv6_native": false,
            "map_customer_owned_ip_on_launch": false,
            "map_public_ip_on_launch": false,
            "outpost_arn": "",
            "owner_id": "905418060082",
            "private_dns_hostname_type_on_launch": "ip-name",
            "tags": {
              "Name": "private-ap-northeast-1c",
              "Owner": "Luke",
              "Planet": "Musafar",
              "Service": "application1"
            },
            "tags_all": {
              "Name": "private-ap-northeast-1c",
              "Owner": "Luke",
              "Planet": "Musafar",
              "Service": "application1"
            },
            "timeouts": null,
            "vpc_id": "vpc-04ce8cfdf0685440e"
          },
          "sensitive_attributes": [],
          "private": "eyJlMmJmYjczMC1lY2FhLTExZTYtOGY4OC0zNDM2M2JjN2M0YzAiOnsiY3JlYXRlIjo2MDAwMDAwMDAwMDAsImRlbGV0ZSI6MTIwMDAwMDAwMDAwMH0sInNjaGVtYV92ZXJzaW9uIjoiMSJ9",
          "dependencies": [
            "module.arm-japan.aws_vpc.app1"
          ]
        }
      ]
    },
    {
      "module": "module.arm-japan",
      "mode": "managed",
      "type": "aws_subnet",
      "name": "private-ap-northeast-1d",
      "provider": "module.arm-japan.provider[\"registry.terraform.io/hashicorp/aws\"]",
      "instances": [
        {
          "schema_version": 1,
          "attributes": {
            "arn": "arn:aws:ec2:ap-northeast-1:905418060082:subnet/subnet-0e29fe207479ffbbb",
            "assign_ipv6_address_on_creation": false,
            "availability_zone": "ap-northeast-1c",
            "availability_zone_id": "apne1-az1",
            "cidr_block": "10.130.14.0/24",
            "customer_owned_ipv4_pool": "",
            "enable_dns64": false,
            "enable_resource_name_dns_a_record_on_launch": false,
            "enable_resource_name_dns_aaaa_record_on_launch": false,
            "id": "subnet-0e29fe207479ffbbb",
            "ipv6_cidr_block": "",
            "ipv6_cidr_block_association_id": "",
            "ipv6_native": false,
            "map_customer_owned_ip_on_launch": false,
            "map_public_ip_on_launch": false,
            "outpost_arn": "",
            "owner_id": "905418060082",
            "private_dns_hostname_type_on_launch": "ip-name",
            "tags": {
              "Name": "private-ap-northeast-1c",
              "Owner": "Luke",
              "Planet": "Musafar",
              "Service": "application1"
            },
            "tags_all": {
              "Name": "private-ap-northeast-1c",
              "Owner": "Luke",
              "Planet": "Musafar",
              "Service": "application1"
            },
            "timeouts": null,
            "vpc_id": "vpc-04ce8cfdf0685440e"
          },
          "sensitive_attributes": [],
          "private": "eyJlMmJmYjczMC1lY2FhLTExZTYtOGY4OC0zNDM2M2JjN2M0YzAiOnsiY3JlYXRlIjo2MDAwMDAwMDAwMDAsImRlbGV0ZSI6MTIwMDAwMDAwMDAwMH0sInNjaGVtYV92ZXJzaW9uIjoiMSJ9",
          "dependencies": [
            "module.arm-japan.aws_vpc.app1"
          ]
        }
      ]
    },
    {
      "module": "module.arm-japan",
      "mode": "managed",
      "type": "aws_vpc",
      "name": "app1",
      "provider": "module.arm-japan.provider[\"registry.terraform.io/hashicorp/aws\"]",
      "instances": [
        {
          "schema_version": 1,
          "attributes": {
            "arn": "arn:aws:ec2:ap-northeast-1:905418060082:vpc/vpc-04ce8cfdf0685440e",
            "assign_generated_ipv6_cidr_block": false,
            "cidr_block": "10.130.0.0/16",
            "default_network_acl_id": "acl-07e850f68ca6d7cea",
            "default_route_table_id": "rtb-039bdddcc989f318a",
            "default_security_group_id": "sg-0463b2246e593b67e",
            "dhcp_options_id": "dopt-01916e7e7b224eaec",
            "enable_classiclink": false,
            "enable_classiclink_dns_support": false,
            "enable_dns_hostnames": false,
            "enable_dns_support": true,
            "id": "vpc-04ce8cfdf0685440e",
            "instance_tenancy": "default",
            "ipv4_ipam_pool_id": null,
            "ipv4_netmask_length": null,
            "ipv6_association_id": "",
            "ipv6_cidr_block": "",
            "ipv6_cidr_block_network_border_group": "",
            "ipv6_ipam_pool_id": "",
            "ipv6_netmask_length": 0,
            "main_route_table_id": "rtb-039bdddcc989f318a",
            "owner_id": "905418060082",
            "tags": {
              "Name": "app1",
              "Owner": "Chewbacca",
              "Planet": "Mustafar",
              "Service": "application1"
            },
            "tags_all": {
              "Name": "app1",
              "Owner": "Chewbacca",
              "Planet": "Mustafar",
              "Service": "application1"
            }
          },
          "sensitive_attributes": [],
          "private": "eyJzY2hlbWFfdmVyc2lvbiI6IjEifQ==",
          "create_before_destroy": true
        }
      ]
    }
  ],
  "check_results": null
}
